// !$*UTF8*$!
{
	archiveVersion = 1;
	classes = {
	};
	objectVersion = 50;
	objects = {

/* Begin PBXBuildFile section */
		BB2D4FD124A1BA5500AF8DA3 /* AppDelegate.swift in Sources */ = {isa = PBXBuildFile; fileRef = BB2D4FD024A1BA5500AF8DA3 /* AppDelegate.swift */; };
		BB2D4FD324A1BA5500AF8DA3 /* SceneDelegate.swift in Sources */ = {isa = PBXBuildFile; fileRef = BB2D4FD224A1BA5500AF8DA3 /* SceneDelegate.swift */; };
		BB2D4FDA24A1BA5700AF8DA3 /* Assets.xcassets in Resources */ = {isa = PBXBuildFile; fileRef = BB2D4FD924A1BA5700AF8DA3 /* Assets.xcassets */; };
		BB2D4FDD24A1BA5700AF8DA3 /* LaunchScreen.storyboard in Resources */ = {isa = PBXBuildFile; fileRef = BB2D4FDB24A1BA5700AF8DA3 /* LaunchScreen.storyboard */; };
		BB2D4FE624A1E15B00AF8DA3 /* SearchVC.swift in Sources */ = {isa = PBXBuildFile; fileRef = BB2D4FE524A1E15B00AF8DA3 /* SearchVC.swift */; };
		BB2D4FE924A1E1C500AF8DA3 /* FavouriteList.swift in Sources */ = {isa = PBXBuildFile; fileRef = BB2D4FE824A1E1C500AF8DA3 /* FavouriteList.swift */; };
		BB2D4FEE24A1F0B200AF8DA3 /* GFButton.swift in Sources */ = {isa = PBXBuildFile; fileRef = BB2D4FED24A1F0B200AF8DA3 /* GFButton.swift */; };
		BB2D4FF024A1F4EB00AF8DA3 /* GFTextField.swift in Sources */ = {isa = PBXBuildFile; fileRef = BB2D4FEF24A1F4EB00AF8DA3 /* GFTextField.swift */; };
		BB2D4FF324A2400B00AF8DA3 /* FollowersListVC.swift in Sources */ = {isa = PBXBuildFile; fileRef = BB2D4FF224A2400B00AF8DA3 /* FollowersListVC.swift */; };
		BB2D4FF624A2894A00AF8DA3 /* Regex.swift in Sources */ = {isa = PBXBuildFile; fileRef = BB2D4FF524A2894A00AF8DA3 /* Regex.swift */; };
		BB2D4FF924A297AF00AF8DA3 /* GFTitleLable.swift in Sources */ = {isa = PBXBuildFile; fileRef = BB2D4FF824A297AF00AF8DA3 /* GFTitleLable.swift */; };
		BB2D4FFB24A29AF300AF8DA3 /* GFBodyLable.swift in Sources */ = {isa = PBXBuildFile; fileRef = BB2D4FFA24A29AF300AF8DA3 /* GFBodyLable.swift */; };
		BB2D4FFE24A29BE300AF8DA3 /* GFAlertVC.swift in Sources */ = {isa = PBXBuildFile; fileRef = BB2D4FFD24A29BE300AF8DA3 /* GFAlertVC.swift */; };
		BB2D500224A2B6CA00AF8DA3 /* GFView.swift in Sources */ = {isa = PBXBuildFile; fileRef = BB2D500124A2B6CA00AF8DA3 /* GFView.swift */; };
		BB2D500424A31AF000AF8DA3 /* UIViewControler+Extention.swift in Sources */ = {isa = PBXBuildFile; fileRef = BB2D500324A31AF000AF8DA3 /* UIViewControler+Extention.swift */; };
		BB2D500B24A3309700AF8DA3 /* Follower.swift in Sources */ = {isa = PBXBuildFile; fileRef = BB2D500A24A3309700AF8DA3 /* Follower.swift */; };
		BB2D500D24A3328400AF8DA3 /* User.swift in Sources */ = {isa = PBXBuildFile; fileRef = BB2D500C24A3328400AF8DA3 /* User.swift */; };
		BB2D501024A3436200AF8DA3 /* NetworkManger.swift in Sources */ = {isa = PBXBuildFile; fileRef = BB2D500F24A3436200AF8DA3 /* NetworkManger.swift */; };
		BB2D501424A390C500AF8DA3 /* ErrorMessage.swift in Sources */ = {isa = PBXBuildFile; fileRef = BB2D501324A390C500AF8DA3 /* ErrorMessage.swift */; };
		BB2D501724A4099A00AF8DA3 /* FollowerCell.swift in Sources */ = {isa = PBXBuildFile; fileRef = BB2D501624A4099A00AF8DA3 /* FollowerCell.swift */; };
		BB2D501924A40AB800AF8DA3 /* GFAvatarImageView.swift in Sources */ = {isa = PBXBuildFile; fileRef = BB2D501824A40AB800AF8DA3 /* GFAvatarImageView.swift */; };
		BB34933A24A5CCEB006263E5 /* UserInfoVC.swift in Sources */ = {isa = PBXBuildFile; fileRef = BB34933924A5CCEB006263E5 /* UserInfoVC.swift */; };
		BB34933C24A6287E006263E5 /* UserHeaderVC.swift in Sources */ = {isa = PBXBuildFile; fileRef = BB34933B24A6287E006263E5 /* UserHeaderVC.swift */; };
		BB34933E24A62977006263E5 /* GFSecondaryTitleLable.swift in Sources */ = {isa = PBXBuildFile; fileRef = BB34933D24A62977006263E5 /* GFSecondaryTitleLable.swift */; };
		BB57802E24A4B60C004FCB62 /* UIHelper.swift in Sources */ = {isa = PBXBuildFile; fileRef = BB57802D24A4B60C004FCB62 /* UIHelper.swift */; };
		BB57803024A4ED47004FCB62 /* GFEmptyView.swift in Sources */ = {isa = PBXBuildFile; fileRef = BB57802F24A4ED47004FCB62 /* GFEmptyView.swift */; };
/* End PBXBuildFile section */

/* Begin PBXFileReference section */
		BB2D4FCD24A1BA5500AF8DA3 /* GitHubFollowers.app */ = {isa = PBXFileReference; explicitFileType = wrapper.application; includeInIndex = 0; path = GitHubFollowers.app; sourceTree = BUILT_PRODUCTS_DIR; };
		BB2D4FD024A1BA5500AF8DA3 /* AppDelegate.swift */ = {isa = PBXFileReference; lastKnownFileType = sourcecode.swift; path = AppDelegate.swift; sourceTree = "<group>"; };
		BB2D4FD224A1BA5500AF8DA3 /* SceneDelegate.swift */ = {isa = PBXFileReference; lastKnownFileType = sourcecode.swift; path = SceneDelegate.swift; sourceTree = "<group>"; };
		BB2D4FD924A1BA5700AF8DA3 /* Assets.xcassets */ = {isa = PBXFileReference; lastKnownFileType = folder.assetcatalog; path = Assets.xcassets; sourceTree = "<group>"; };
		BB2D4FDC24A1BA5700AF8DA3 /* Base */ = {isa = PBXFileReference; lastKnownFileType = file.storyboard; name = Base; path = Base.lproj/LaunchScreen.storyboard; sourceTree = "<group>"; };
		BB2D4FDE24A1BA5700AF8DA3 /* Info.plist */ = {isa = PBXFileReference; lastKnownFileType = text.plist.xml; path = Info.plist; sourceTree = "<group>"; };
		BB2D4FE524A1E15B00AF8DA3 /* SearchVC.swift */ = {isa = PBXFileReference; lastKnownFileType = sourcecode.swift; path = SearchVC.swift; sourceTree = "<group>"; };
		BB2D4FE824A1E1C500AF8DA3 /* FavouriteList.swift */ = {isa = PBXFileReference; lastKnownFileType = sourcecode.swift; path = FavouriteList.swift; sourceTree = "<group>"; };
		BB2D4FED24A1F0B200AF8DA3 /* GFButton.swift */ = {isa = PBXFileReference; lastKnownFileType = sourcecode.swift; path = GFButton.swift; sourceTree = "<group>"; };
		BB2D4FEF24A1F4EB00AF8DA3 /* GFTextField.swift */ = {isa = PBXFileReference; lastKnownFileType = sourcecode.swift; path = GFTextField.swift; sourceTree = "<group>"; };
		BB2D4FF224A2400B00AF8DA3 /* FollowersListVC.swift */ = {isa = PBXFileReference; lastKnownFileType = sourcecode.swift; path = FollowersListVC.swift; sourceTree = "<group>"; };
		BB2D4FF524A2894A00AF8DA3 /* Regex.swift */ = {isa = PBXFileReference; lastKnownFileType = sourcecode.swift; path = Regex.swift; sourceTree = "<group>"; };
		BB2D4FF824A297AF00AF8DA3 /* GFTitleLable.swift */ = {isa = PBXFileReference; lastKnownFileType = sourcecode.swift; path = GFTitleLable.swift; sourceTree = "<group>"; };
		BB2D4FFA24A29AF300AF8DA3 /* GFBodyLable.swift */ = {isa = PBXFileReference; lastKnownFileType = sourcecode.swift; path = GFBodyLable.swift; sourceTree = "<group>"; };
		BB2D4FFD24A29BE300AF8DA3 /* GFAlertVC.swift */ = {isa = PBXFileReference; lastKnownFileType = sourcecode.swift; path = GFAlertVC.swift; sourceTree = "<group>"; };
		BB2D500124A2B6CA00AF8DA3 /* GFView.swift */ = {isa = PBXFileReference; lastKnownFileType = sourcecode.swift; path = GFView.swift; sourceTree = "<group>"; };
		BB2D500324A31AF000AF8DA3 /* UIViewControler+Extention.swift */ = {isa = PBXFileReference; lastKnownFileType = sourcecode.swift; path = "UIViewControler+Extention.swift"; sourceTree = "<group>"; };
		BB2D500A24A3309700AF8DA3 /* Follower.swift */ = {isa = PBXFileReference; lastKnownFileType = sourcecode.swift; path = Follower.swift; sourceTree = "<group>"; };
		BB2D500C24A3328400AF8DA3 /* User.swift */ = {isa = PBXFileReference; lastKnownFileType = sourcecode.swift; path = User.swift; sourceTree = "<group>"; };
		BB2D500F24A3436200AF8DA3 /* NetworkManger.swift */ = {isa = PBXFileReference; lastKnownFileType = sourcecode.swift; path = NetworkManger.swift; sourceTree = "<group>"; };
		BB2D501324A390C500AF8DA3 /* ErrorMessage.swift */ = {isa = PBXFileReference; lastKnownFileType = sourcecode.swift; path = ErrorMessage.swift; sourceTree = "<group>"; };
		BB2D501624A4099A00AF8DA3 /* FollowerCell.swift */ = {isa = PBXFileReference; lastKnownFileType = sourcecode.swift; path = FollowerCell.swift; sourceTree = "<group>"; };
		BB2D501824A40AB800AF8DA3 /* GFAvatarImageView.swift */ = {isa = PBXFileReference; lastKnownFileType = sourcecode.swift; path = GFAvatarImageView.swift; sourceTree = "<group>"; };
		BB34933924A5CCEB006263E5 /* UserInfoVC.swift */ = {isa = PBXFileReference; lastKnownFileType = sourcecode.swift; path = UserInfoVC.swift; sourceTree = "<group>"; };
		BB34933B24A6287E006263E5 /* UserHeaderVC.swift */ = {isa = PBXFileReference; lastKnownFileType = sourcecode.swift; path = UserHeaderVC.swift; sourceTree = "<group>"; };
		BB34933D24A62977006263E5 /* GFSecondaryTitleLable.swift */ = {isa = PBXFileReference; lastKnownFileType = sourcecode.swift; path = GFSecondaryTitleLable.swift; sourceTree = "<group>"; };
		BB57802D24A4B60C004FCB62 /* UIHelper.swift */ = {isa = PBXFileReference; lastKnownFileType = sourcecode.swift; path = UIHelper.swift; sourceTree = "<group>"; };
		BB57802F24A4ED47004FCB62 /* GFEmptyView.swift */ = {isa = PBXFileReference; lastKnownFileType = sourcecode.swift; path = GFEmptyView.swift; sourceTree = "<group>"; };
/* End PBXFileReference section */

/* Begin PBXFrameworksBuildPhase section */
		BB2D4FCA24A1BA5500AF8DA3 /* Frameworks */ = {
			isa = PBXFrameworksBuildPhase;
			buildActionMask = 2147483647;
			files = (
			);
			runOnlyForDeploymentPostprocessing = 0;
		};
/* End PBXFrameworksBuildPhase section */

/* Begin PBXGroup section */
		BB2D4FC424A1BA5500AF8DA3 = {
			isa = PBXGroup;
			children = (
				BB2D4FCF24A1BA5500AF8DA3 /* GitHubFollowers */,
				BB2D4FCE24A1BA5500AF8DA3 /* Products */,
			);
			sourceTree = "<group>";
		};
		BB2D4FCE24A1BA5500AF8DA3 /* Products */ = {
			isa = PBXGroup;
			children = (
				BB2D4FCD24A1BA5500AF8DA3 /* GitHubFollowers.app */,
			);
			name = Products;
			sourceTree = "<group>";
		};
		BB2D4FCF24A1BA5500AF8DA3 /* GitHubFollowers */ = {
			isa = PBXGroup;
			children = (
				BB34933724A5CC67006263E5 /* Screens */,
				BB2D501224A3909500AF8DA3 /* Utilities */,
				BB2D500E24A3433B00AF8DA3 /* Managers */,
				BB2D4FEC24A1F07600AF8DA3 /* Custom Views */,
				BB2D500924A3308500AF8DA3 /* Model */,
				BB2D500624A3255400AF8DA3 /* Support */,
				BB2D500524A31AF600AF8DA3 /* UIViewControler+Ext */,
				BB2D4FDE24A1BA5700AF8DA3 /* Info.plist */,
			);
			path = GitHubFollowers;
			sourceTree = "<group>";
		};
		BB2D4FE424A1E12F00AF8DA3 /* SearchVC */ = {
			isa = PBXGroup;
			children = (
				BB2D4FE524A1E15B00AF8DA3 /* SearchVC.swift */,
			);
			path = SearchVC;
			sourceTree = "<group>";
		};
		BB2D4FE724A1E19500AF8DA3 /* FavouriteList */ = {
			isa = PBXGroup;
			children = (
				BB2D4FE824A1E1C500AF8DA3 /* FavouriteList.swift */,
			);
			path = FavouriteList;
			sourceTree = "<group>";
		};
		BB2D4FEC24A1F07600AF8DA3 /* Custom Views */ = {
			isa = PBXGroup;
			children = (
				BB34933F24A62A28006263E5 /* Lables */,
				BB2D4FFC24A29BB500AF8DA3 /* GFAlert */,
				BB2D4FED24A1F0B200AF8DA3 /* GFButton.swift */,
				BB2D4FEF24A1F4EB00AF8DA3 /* GFTextField.swift */,
				BB2D501824A40AB800AF8DA3 /* GFAvatarImageView.swift */,
				BB2D4FF424A2893000AF8DA3 /* Regex */,
			);
			path = "Custom Views";
			sourceTree = "<group>";
		};
		BB2D4FF124A23FBE00AF8DA3 /* FollowersVC */ = {
			isa = PBXGroup;
			children = (
				BB2D501524A4091A00AF8DA3 /* cell */,
				BB2D4FF224A2400B00AF8DA3 /* FollowersListVC.swift */,
			);
			path = FollowersVC;
			sourceTree = "<group>";
		};
		BB2D4FF424A2893000AF8DA3 /* Regex */ = {
			isa = PBXGroup;
			children = (
				BB2D4FF524A2894A00AF8DA3 /* Regex.swift */,
			);
			path = Regex;
			sourceTree = "<group>";
		};
		BB2D4FF724A2977400AF8DA3 /* CustomeAlert */ = {
			isa = PBXGroup;
			children = (
				BB2D500124A2B6CA00AF8DA3 /* GFView.swift */,
			);
			path = CustomeAlert;
			sourceTree = "<group>";
		};
		BB2D4FFC24A29BB500AF8DA3 /* GFAlert */ = {
			isa = PBXGroup;
			children = (
				BB34934024A63454006263E5 /* CustomViewControlers */,
				BB2D4FF724A2977400AF8DA3 /* CustomeAlert */,
				BB57802F24A4ED47004FCB62 /* GFEmptyView.swift */,
			);
			path = GFAlert;
			sourceTree = "<group>";
		};
		BB2D500524A31AF600AF8DA3 /* UIViewControler+Ext */ = {
			isa = PBXGroup;
			children = (
				BB2D500324A31AF000AF8DA3 /* UIViewControler+Extention.swift */,
			);
			path = "UIViewControler+Ext";
			sourceTree = "<group>";
		};
		BB2D500624A3255400AF8DA3 /* Support */ = {
			isa = PBXGroup;
			children = (
				BB2D4FD024A1BA5500AF8DA3 /* AppDelegate.swift */,
				BB2D4FD224A1BA5500AF8DA3 /* SceneDelegate.swift */,
				BB2D4FD924A1BA5700AF8DA3 /* Assets.xcassets */,
				BB2D4FDB24A1BA5700AF8DA3 /* LaunchScreen.storyboard */,
			);
			path = Support;
			sourceTree = "<group>";
		};
		BB2D500924A3308500AF8DA3 /* Model */ = {
			isa = PBXGroup;
			children = (
				BB2D500A24A3309700AF8DA3 /* Follower.swift */,
				BB2D500C24A3328400AF8DA3 /* User.swift */,
			);
			path = Model;
			sourceTree = "<group>";
		};
		BB2D500E24A3433B00AF8DA3 /* Managers */ = {
			isa = PBXGroup;
			children = (
				BB2D500F24A3436200AF8DA3 /* NetworkManger.swift */,
			);
			path = Managers;
			sourceTree = "<group>";
		};
		BB2D501224A3909500AF8DA3 /* Utilities */ = {
			isa = PBXGroup;
			children = (
				BB2D501324A390C500AF8DA3 /* ErrorMessage.swift */,
				BB57802D24A4B60C004FCB62 /* UIHelper.swift */,
			);
			path = Utilities;
			sourceTree = "<group>";
		};
		BB2D501524A4091A00AF8DA3 /* cell */ = {
			isa = PBXGroup;
			children = (
				BB2D501624A4099A00AF8DA3 /* FollowerCell.swift */,
			);
			path = cell;
			sourceTree = "<group>";
		};
		BB34933724A5CC67006263E5 /* Screens */ = {
			isa = PBXGroup;
			children = (
				BB34933824A5CCAD006263E5 /* UserInfoVC */,
				BB2D4FE724A1E19500AF8DA3 /* FavouriteList */,
				BB2D4FF124A23FBE00AF8DA3 /* FollowersVC */,
				BB2D4FE424A1E12F00AF8DA3 /* SearchVC */,
			);
			path = Screens;
			sourceTree = "<group>";
		};
		BB34933824A5CCAD006263E5 /* UserInfoVC */ = {
			isa = PBXGroup;
			children = (
				BB34933924A5CCEB006263E5 /* UserInfoVC.swift */,
			);
			path = UserInfoVC;
			sourceTree = "<group>";
		};
		BB34933F24A62A28006263E5 /* Lables */ = {
			isa = PBXGroup;
			children = (
				BB2D4FF824A297AF00AF8DA3 /* GFTitleLable.swift */,
				BB2D4FFA24A29AF300AF8DA3 /* GFBodyLable.swift */,
				BB34933D24A62977006263E5 /* GFSecondaryTitleLable.swift */,
			);
			path = Lables;
			sourceTree = "<group>";
		};
		BB34934024A63454006263E5 /* CustomViewControlers */ = {
			isa = PBXGroup;
			children = (
				BB2D4FFD24A29BE300AF8DA3 /* GFAlertVC.swift */,
				BB34933B24A6287E006263E5 /* UserHeaderVC.swift */,
			);
			path = CustomViewControlers;
			sourceTree = "<group>";
		};
/* End PBXGroup section */

/* Begin PBXNativeTarget section */
		BB2D4FCC24A1BA5500AF8DA3 /* GitHubFollowers */ = {
			isa = PBXNativeTarget;
			buildConfigurationList = BB2D4FE124A1BA5700AF8DA3 /* Build configuration list for PBXNativeTarget "GitHubFollowers" */;
			buildPhases = (
				BB2D4FC924A1BA5500AF8DA3 /* Sources */,
				BB2D4FCA24A1BA5500AF8DA3 /* Frameworks */,
				BB2D4FCB24A1BA5500AF8DA3 /* Resources */,
			);
			buildRules = (
			);
			dependencies = (
			);
			name = GitHubFollowers;
			productName = GitHubFollowers;
			productReference = BB2D4FCD24A1BA5500AF8DA3 /* GitHubFollowers.app */;
			productType = "com.apple.product-type.application";
		};
/* End PBXNativeTarget section */

/* Begin PBXProject section */
		BB2D4FC524A1BA5500AF8DA3 /* Project object */ = {
			isa = PBXProject;
			attributes = {
				LastSwiftUpdateCheck = 1120;
				LastUpgradeCheck = 1120;
				ORGANIZATIONNAME = Mahmoud.kasper.GitHubFollowers;
				TargetAttributes = {
					BB2D4FCC24A1BA5500AF8DA3 = {
						CreatedOnToolsVersion = 11.2;
					};
				};
			};
			buildConfigurationList = BB2D4FC824A1BA5500AF8DA3 /* Build configuration list for PBXProject "GitHubFollowers" */;
			compatibilityVersion = "Xcode 9.3";
			developmentRegion = en;
			hasScannedForEncodings = 0;
			knownRegions = (
				en,
				Base,
			);
			mainGroup = BB2D4FC424A1BA5500AF8DA3;
			productRefGroup = BB2D4FCE24A1BA5500AF8DA3 /* Products */;
			projectDirPath = "";
			projectRoot = "";
			targets = (
				BB2D4FCC24A1BA5500AF8DA3 /* GitHubFollowers */,
			);
		};
/* End PBXProject section */

/* Begin PBXResourcesBuildPhase section */
		BB2D4FCB24A1BA5500AF8DA3 /* Resources */ = {
			isa = PBXResourcesBuildPhase;
			buildActionMask = 2147483647;
			files = (
				BB2D4FDD24A1BA5700AF8DA3 /* LaunchScreen.storyboard in Resources */,
				BB2D4FDA24A1BA5700AF8DA3 /* Assets.xcassets in Resources */,
			);
			runOnlyForDeploymentPostprocessing = 0;
		};
/* End PBXResourcesBuildPhase section */

/* Begin PBXSourcesBuildPhase section */
		BB2D4FC924A1BA5500AF8DA3 /* Sources */ = {
			isa = PBXSourcesBuildPhase;
			buildActionMask = 2147483647;
			files = (
				BB2D4FE624A1E15B00AF8DA3 /* SearchVC.swift in Sources */,
				BB2D501424A390C500AF8DA3 /* ErrorMessage.swift in Sources */,
				BB2D501924A40AB800AF8DA3 /* GFAvatarImageView.swift in Sources */,
				BB57802E24A4B60C004FCB62 /* UIHelper.swift in Sources */,
				BB2D500B24A3309700AF8DA3 /* Follower.swift in Sources */,
				BB2D501024A3436200AF8DA3 /* NetworkManger.swift in Sources */,
				BB2D500424A31AF000AF8DA3 /* UIViewControler+Extention.swift in Sources */,
				BB2D4FF324A2400B00AF8DA3 /* FollowersListVC.swift in Sources */,
				BB2D4FFB24A29AF300AF8DA3 /* GFBodyLable.swift in Sources */,
				BB2D4FFE24A29BE300AF8DA3 /* GFAlertVC.swift in Sources */,
				BB2D4FEE24A1F0B200AF8DA3 /* GFButton.swift in Sources */,
				BB2D4FF924A297AF00AF8DA3 /* GFTitleLable.swift in Sources */,
				BB2D500D24A3328400AF8DA3 /* User.swift in Sources */,
				BB2D501724A4099A00AF8DA3 /* FollowerCell.swift in Sources */,
				BB2D500224A2B6CA00AF8DA3 /* GFView.swift in Sources */,
				BB2D4FE924A1E1C500AF8DA3 /* FavouriteList.swift in Sources */,
				BB2D4FF624A2894A00AF8DA3 /* Regex.swift in Sources */,
				BB2D4FD124A1BA5500AF8DA3 /* AppDelegate.swift in Sources */,
				BB34933C24A6287E006263E5 /* UserHeaderVC.swift in Sources */,
				BB2D4FD324A1BA5500AF8DA3 /* SceneDelegate.swift in Sources */,
				BB57803024A4ED47004FCB62 /* GFEmptyView.swift in Sources */,
				BB34933E24A62977006263E5 /* GFSecondaryTitleLable.swift in Sources */,
				BB2D4FF024A1F4EB00AF8DA3 /* GFTextField.swift in Sources */,
				BB34933A24A5CCEB006263E5 /* UserInfoVC.swift in Sources */,
			);
			runOnlyForDeploymentPostprocessing = 0;
		};
/* End PBXSourcesBuildPhase section */

/* Begin PBXVariantGroup section */
		BB2D4FDB24A1BA5700AF8DA3 /* LaunchScreen.storyboard */ = {
			isa = PBXVariantGroup;
			children = (
				BB2D4FDC24A1BA5700AF8DA3 /* Base */,
			);
			name = LaunchScreen.storyboard;
			sourceTree = "<group>";
		};
/* End PBXVariantGroup section */

/* Begin XCBuildConfiguration section */
		BB2D4FDF24A1BA5700AF8DA3 /* Debug */ = {
			isa = XCBuildConfiguration;
			buildSettings = {
				ALWAYS_SEARCH_USER_PATHS = NO;
				CLANG_ANALYZER_NONNULL = YES;
				CLANG_ANALYZER_NUMBER_OBJECT_CONVERSION = YES_AGGRESSIVE;
				CLANG_CXX_LANGUAGE_STANDARD = "gnu++14";
				CLANG_CXX_LIBRARY = "libc++";
				CLANG_ENABLE_MODULES = YES;
				CLANG_ENABLE_OBJC_ARC = YES;
				CLANG_ENABLE_OBJC_WEAK = YES;
				CLANG_WARN_BLOCK_CAPTURE_AUTORELEASING = YES;
				CLANG_WARN_BOOL_CONVERSION = YES;
				CLANG_WARN_COMMA = YES;
				CLANG_WARN_CONSTANT_CONVERSION = YES;
				CLANG_WARN_DEPRECATED_OBJC_IMPLEMENTATIONS = YES;
				CLANG_WARN_DIRECT_OBJC_ISA_USAGE = YES_ERROR;
				CLANG_WARN_DOCUMENTATION_COMMENTS = YES;
				CLANG_WARN_EMPTY_BODY = YES;
				CLANG_WARN_ENUM_CONVERSION = YES;
				CLANG_WARN_INFINITE_RECURSION = YES;
				CLANG_WARN_INT_CONVERSION = YES;
				CLANG_WARN_NON_LITERAL_NULL_CONVERSION = YES;
				CLANG_WARN_OBJC_IMPLICIT_RETAIN_SELF = YES;
				CLANG_WARN_OBJC_LITERAL_CONVERSION = YES;
				CLANG_WARN_OBJC_ROOT_CLASS = YES_ERROR;
				CLANG_WARN_RANGE_LOOP_ANALYSIS = YES;
				CLANG_WARN_STRICT_PROTOTYPES = YES;
				CLANG_WARN_SUSPICIOUS_MOVE = YES;
				CLANG_WARN_UNGUARDED_AVAILABILITY = YES_AGGRESSIVE;
				CLANG_WARN_UNREACHABLE_CODE = YES;
				CLANG_WARN__DUPLICATE_METHOD_MATCH = YES;
				COPY_PHASE_STRIP = NO;
				DEBUG_INFORMATION_FORMAT = dwarf;
				ENABLE_STRICT_OBJC_MSGSEND = YES;
				ENABLE_TESTABILITY = YES;
				GCC_C_LANGUAGE_STANDARD = gnu11;
				GCC_DYNAMIC_NO_PIC = NO;
				GCC_NO_COMMON_BLOCKS = YES;
				GCC_OPTIMIZATION_LEVEL = 0;
				GCC_PREPROCESSOR_DEFINITIONS = (
					"DEBUG=1",
					"$(inherited)",
				);
				GCC_WARN_64_TO_32_BIT_CONVERSION = YES;
				GCC_WARN_ABOUT_RETURN_TYPE = YES_ERROR;
				GCC_WARN_UNDECLARED_SELECTOR = YES;
				GCC_WARN_UNINITIALIZED_AUTOS = YES_AGGRESSIVE;
				GCC_WARN_UNUSED_FUNCTION = YES;
				GCC_WARN_UNUSED_VARIABLE = YES;
				IPHONEOS_DEPLOYMENT_TARGET = 13.2;
				MTL_ENABLE_DEBUG_INFO = INCLUDE_SOURCE;
				MTL_FAST_MATH = YES;
				ONLY_ACTIVE_ARCH = YES;
				SDKROOT = iphoneos;
				SWIFT_ACTIVE_COMPILATION_CONDITIONS = DEBUG;
				SWIFT_OPTIMIZATION_LEVEL = "-Onone";
			};
			name = Debug;
		};
		BB2D4FE024A1BA5700AF8DA3 /* Release */ = {
			isa = XCBuildConfiguration;
			buildSettings = {
				ALWAYS_SEARCH_USER_PATHS = NO;
				CLANG_ANALYZER_NONNULL = YES;
				CLANG_ANALYZER_NUMBER_OBJECT_CONVERSION = YES_AGGRESSIVE;
				CLANG_CXX_LANGUAGE_STANDARD = "gnu++14";
				CLANG_CXX_LIBRARY = "libc++";
				CLANG_ENABLE_MODULES = YES;
				CLANG_ENABLE_OBJC_ARC = YES;
				CLANG_ENABLE_OBJC_WEAK = YES;
				CLANG_WARN_BLOCK_CAPTURE_AUTORELEASING = YES;
				CLANG_WARN_BOOL_CONVERSION = YES;
				CLANG_WARN_COMMA = YES;
				CLANG_WARN_CONSTANT_CONVERSION = YES;
				CLANG_WARN_DEPRECATED_OBJC_IMPLEMENTATIONS = YES;
				CLANG_WARN_DIRECT_OBJC_ISA_USAGE = YES_ERROR;
				CLANG_WARN_DOCUMENTATION_COMMENTS = YES;
				CLANG_WARN_EMPTY_BODY = YES;
				CLANG_WARN_ENUM_CONVERSION = YES;
				CLANG_WARN_INFINITE_RECURSION = YES;
				CLANG_WARN_INT_CONVERSION = YES;
				CLANG_WARN_NON_LITERAL_NULL_CONVERSION = YES;
				CLANG_WARN_OBJC_IMPLICIT_RETAIN_SELF = YES;
				CLANG_WARN_OBJC_LITERAL_CONVERSION = YES;
				CLANG_WARN_OBJC_ROOT_CLASS = YES_ERROR;
				CLANG_WARN_RANGE_LOOP_ANALYSIS = YES;
				CLANG_WARN_STRICT_PROTOTYPES = YES;
				CLANG_WARN_SUSPICIOUS_MOVE = YES;
				CLANG_WARN_UNGUARDED_AVAILABILITY = YES_AGGRESSIVE;
				CLANG_WARN_UNREACHABLE_CODE = YES;
				CLANG_WARN__DUPLICATE_METHOD_MATCH = YES;
				COPY_PHASE_STRIP = NO;
				DEBUG_INFORMATION_FORMAT = "dwarf-with-dsym";
				ENABLE_NS_ASSERTIONS = NO;
				ENABLE_STRICT_OBJC_MSGSEND = YES;
				GCC_C_LANGUAGE_STANDARD = gnu11;
				GCC_NO_COMMON_BLOCKS = YES;
				GCC_WARN_64_TO_32_BIT_CONVERSION = YES;
				GCC_WARN_ABOUT_RETURN_TYPE = YES_ERROR;
				GCC_WARN_UNDECLARED_SELECTOR = YES;
				GCC_WARN_UNINITIALIZED_AUTOS = YES_AGGRESSIVE;
				GCC_WARN_UNUSED_FUNCTION = YES;
				GCC_WARN_UNUSED_VARIABLE = YES;
				IPHONEOS_DEPLOYMENT_TARGET = 13.2;
				MTL_ENABLE_DEBUG_INFO = NO;
				MTL_FAST_MATH = YES;
				SDKROOT = iphoneos;
				SWIFT_COMPILATION_MODE = wholemodule;
				SWIFT_OPTIMIZATION_LEVEL = "-O";
				VALIDATE_PRODUCT = YES;
			};
			name = Release;
		};
		BB2D4FE224A1BA5700AF8DA3 /* Debug */ = {
			isa = XCBuildConfiguration;
			buildSettings = {
				ASSETCATALOG_COMPILER_APPICON_NAME = AppIcon;
				CODE_SIGN_STYLE = Automatic;
				INFOPLIST_FILE = GitHubFollowers/Info.plist;
				LD_RUNPATH_SEARCH_PATHS = (
					"$(inherited)",
					"@executable_path/Frameworks",
				);
				PRODUCT_BUNDLE_IDENTIFIER = Mahmoud.kasper.GitHubFollowers.GitHubFollowers;
				PRODUCT_NAME = "$(TARGET_NAME)";
				SWIFT_VERSION = 5.0;
				TARGETED_DEVICE_FAMILY = 1;
			};
			name = Debug;
		};
		BB2D4FE324A1BA5700AF8DA3 /* Release */ = {
			isa = XCBuildConfiguration;
			buildSettings = {
				ASSETCATALOG_COMPILER_APPICON_NAME = AppIcon;
				CODE_SIGN_STYLE = Automatic;
				INFOPLIST_FILE = GitHubFollowers/Info.plist;
				LD_RUNPATH_SEARCH_PATHS = (
					"$(inherited)",
					"@executable_path/Frameworks",
				);
				PRODUCT_BUNDLE_IDENTIFIER = Mahmoud.kasper.GitHubFollowers.GitHubFollowers;
				PRODUCT_NAME = "$(TARGET_NAME)";
				SWIFT_VERSION = 5.0;
				TARGETED_DEVICE_FAMILY = 1;
			};
			name = Release;
		};
/* End XCBuildConfiguration section */

/* Begin XCConfigurationList section */
		BB2D4FC824A1BA5500AF8DA3 /* Build configuration list for PBXProject "GitHubFollowers" */ = {
			isa = XCConfigurationList;
			buildConfigurations = (
				BB2D4FDF24A1BA5700AF8DA3 /* Debug */,
				BB2D4FE024A1BA5700AF8DA3 /* Release */,
			);
			defaultConfigurationIsVisible = 0;
			defaultConfigurationName = Release;
		};
		BB2D4FE124A1BA5700AF8DA3 /* Build configuration list for PBXNativeTarget "GitHubFollowers" */ = {
			isa = XCConfigurationList;
			buildConfigurations = (
				BB2D4FE224A1BA5700AF8DA3 /* Debug */,
				BB2D4FE324A1BA5700AF8DA3 /* Release */,
			);
			defaultConfigurationIsVisible = 0;
			defaultConfigurationName = Release;
		};
/* End XCConfigurationList section */
	};
	rootObject = BB2D4FC524A1BA5500AF8DA3 /* Project object */;
}
